# This file is automatically @generated by Cargo.
# It is not intended for manual editing.
version = 4

[[package]]
name = "noble-ffi"
version = "0.1.0"
dependencies = [
 "powerpc",
]

[[package]]
name = "powerpc"
version = "0.4.1"
source = "registry+https://github.com/rust-lang/crates.io-index"
checksum = "f9cac36a8d92f3c9d38ebfa606e3bbbbec229a8d757f03de0999898522856e33"
